
Microsoft Visual Studio Solution File, Format Version 12.00
# Visual Studio 15
VisualStudioVersion = 15.0.28307.572
MinimumVisualStudioVersion = 10.0.40219.1
Project("{FAE04EC0-301F-11D3-BF4B-00C04F79EFBC}") = "SAKSIT", "SAKSIT\SAKSIT.csproj", "{7194B061-EB02-4AE3-B267-F1318247C63B}"
EndProject
Global
	GlobalSection(SolutionConfigurationPlatforms) = preSolution
		Debug|Any CPU = Debug|Any CPU
		Release|Any CPU = Release|Any CPU
	EndGlobalSection
	GlobalSection(ProjectConfigurationPlatforms) = postSolution
		{7194B061-EB02-4AE3-B267-F1318247C63B}.Debug|Any CPU.ActiveCfg = Debug|Any CPU
		{7194B061-EB02-4AE3-B267-F1318247C63B}.Debug|Any CPU.Build.0 = Debug|Any CPU
		{7194B061-EB02-4AE3-B267-F1318247C63B}.Release|Any CPU.ActiveCfg = Release|Any CPU
		{7194B061-EB02-4AE3-B267-F1318247C63B}.Release|Any CPU.Build.0 = Release|Any CPU
	EndGlobalSection
	GlobalSection(SolutionProperties) = preSolution
		HideSolutionNode = FALSE
	EndGlobalSection
	GlobalSection(ExtensibilityGlobals) = postSolution
		SolutionGuid = {46E586B7-7153-48FB-8617-A27E93400006}
	EndGlobalSection
EndGlobal
